
Microsoft Visual Studio Solution File, Format Version 12.00
Project("{2150E333-8FDC-42A3-9474-1A3956D46DE8}") = "Domain", "Domain", "{57117CCC-1B9F-4867-9FB5-22174160A59C}"
EndProject
Project("{FAE04EC0-301F-11D3-BF4B-00C04F79EFBC}") = "QDomain", "QDomain\QDomain.csproj", "{04E14093-7EB2-4A0A-9F23-DDE70E19F0F4}"
EndProject
Project("{2150E333-8FDC-42A3-9474-1A3956D46DE8}") = "Application", "Application", "{69299B58-0774-4647-9190-A9DE7990A034}"
EndProject
Project("{FAE04EC0-301F-11D3-BF4B-00C04F79EFBC}") = "QApplication", "QApplication\QApplication.csproj", "{23679258-2310-4E56-94B4-52176AC072D5}"
EndProject
Project("{2150E333-8FDC-42A3-9474-1A3956D46DE8}") = "Infrastructure", "Infrastructure", "{B2464212-5D77-4A1D-B93F-CCB92F080390}"
EndProject
Project("{FAE04EC0-301F-11D3-BF4B-00C04F79EFBC}") = "QInfrastructure", "QInfrastructure\QInfrastructure.csproj", "{E0D2240F-9CFB-4F93-A8EC-2B055F5AC6C8}"
EndProject
Project("{2150E333-8FDC-42A3-9474-1A3956D46DE8}") = "API", "API", "{A73D167D-CB44-4E15-98E0-7DEB5AA15732}"
EndProject
Project("{FAE04EC0-301F-11D3-BF4B-00C04F79EFBC}") = "QAPI", "QAPI\QAPI.csproj", "{B4A602FE-FA27-498A-86B0-AE12D7D2740A}"
EndProject
Project("{2150E333-8FDC-42A3-9474-1A3956D46DE8}") = "IntegrationTests", "IntegrationTests", "{7A49ABAA-E9BE-4F2A-8E7E-5C43C59D71AC}"
EndProject
Project("{FAE04EC0-301F-11D3-BF4B-00C04F79EFBC}") = "QAPI.IntegrationTests", "QAPI.IntegrationTests\QAPI.IntegrationTests.csproj", "{E0A014B9-0C77-4E2A-9E0D-58D8A701C794}"
EndProject
Global
	GlobalSection(SolutionConfigurationPlatforms) = preSolution
		Debug|Any CPU = Debug|Any CPU
		Release|Any CPU = Release|Any CPU
	EndGlobalSection
	GlobalSection(ProjectConfigurationPlatforms) = postSolution
		{04E14093-7EB2-4A0A-9F23-DDE70E19F0F4}.Debug|Any CPU.ActiveCfg = Debug|Any CPU
		{04E14093-7EB2-4A0A-9F23-DDE70E19F0F4}.Debug|Any CPU.Build.0 = Debug|Any CPU
		{04E14093-7EB2-4A0A-9F23-DDE70E19F0F4}.Release|Any CPU.ActiveCfg = Release|Any CPU
		{04E14093-7EB2-4A0A-9F23-DDE70E19F0F4}.Release|Any CPU.Build.0 = Release|Any CPU
		{23679258-2310-4E56-94B4-52176AC072D5}.Debug|Any CPU.ActiveCfg = Debug|Any CPU
		{23679258-2310-4E56-94B4-52176AC072D5}.Debug|Any CPU.Build.0 = Debug|Any CPU
		{23679258-2310-4E56-94B4-52176AC072D5}.Release|Any CPU.ActiveCfg = Release|Any CPU
		{23679258-2310-4E56-94B4-52176AC072D5}.Release|Any CPU.Build.0 = Release|Any CPU
		{E0D2240F-9CFB-4F93-A8EC-2B055F5AC6C8}.Debug|Any CPU.ActiveCfg = Debug|Any CPU
		{E0D2240F-9CFB-4F93-A8EC-2B055F5AC6C8}.Debug|Any CPU.Build.0 = Debug|Any CPU
		{E0D2240F-9CFB-4F93-A8EC-2B055F5AC6C8}.Release|Any CPU.ActiveCfg = Release|Any CPU
		{E0D2240F-9CFB-4F93-A8EC-2B055F5AC6C8}.Release|Any CPU.Build.0 = Release|Any CPU
		{B4A602FE-FA27-498A-86B0-AE12D7D2740A}.Debug|Any CPU.ActiveCfg = Debug|Any CPU
		{B4A602FE-FA27-498A-86B0-AE12D7D2740A}.Debug|Any CPU.Build.0 = Debug|Any CPU
		{B4A602FE-FA27-498A-86B0-AE12D7D2740A}.Release|Any CPU.ActiveCfg = Release|Any CPU
		{B4A602FE-FA27-498A-86B0-AE12D7D2740A}.Release|Any CPU.Build.0 = Release|Any CPU
		{E0A014B9-0C77-4E2A-9E0D-58D8A701C794}.Debug|Any CPU.ActiveCfg = Debug|Any CPU
		{E0A014B9-0C77-4E2A-9E0D-58D8A701C794}.Debug|Any CPU.Build.0 = Debug|Any CPU
		{E0A014B9-0C77-4E2A-9E0D-58D8A701C794}.Release|Any CPU.ActiveCfg = Release|Any CPU
		{E0A014B9-0C77-4E2A-9E0D-58D8A701C794}.Release|Any CPU.Build.0 = Release|Any CPU
	EndGlobalSection
	GlobalSection(NestedProjects) = preSolution
		{04E14093-7EB2-4A0A-9F23-DDE70E19F0F4} = {57117CCC-1B9F-4867-9FB5-22174160A59C}
		{23679258-2310-4E56-94B4-52176AC072D5} = {69299B58-0774-4647-9190-A9DE7990A034}
		{E0D2240F-9CFB-4F93-A8EC-2B055F5AC6C8} = {B2464212-5D77-4A1D-B93F-CCB92F080390}
		{B4A602FE-FA27-498A-86B0-AE12D7D2740A} = {A73D167D-CB44-4E15-98E0-7DEB5AA15732}
		{E0A014B9-0C77-4E2A-9E0D-58D8A701C794} = {7A49ABAA-E9BE-4F2A-8E7E-5C43C59D71AC}
	EndGlobalSection
EndGlobal
