
Microsoft Visual Studio Solution File, Format Version 12.00
Project("{2150E333-8FDC-42A3-9474-1A3956D46DE8}") = "Domain", "Domain", "{57117CCC-1B9F-4867-9FB5-22174160A59C}"
EndProject
Project("{2150E333-8FDC-42A3-9474-1A3956D46DE8}") = "Application", "Application", "{69299B58-0774-4647-9190-A9DE7990A034}"
EndProject
Project("{2150E333-8FDC-42A3-9474-1A3956D46DE8}") = "Infrastructure", "Infrastructure", "{B2464212-5D77-4A1D-B93F-CCB92F080390}"
EndProject
Project("{2150E333-8FDC-42A3-9474-1A3956D46DE8}") = "API", "API", "{A73D167D-CB44-4E15-98E0-7DEB5AA15732}"
EndProject
Project("{2150E333-8FDC-42A3-9474-1A3956D46DE8}") = "IntegrationTests", "IntegrationTests", "{7A49ABAA-E9BE-4F2A-8E7E-5C43C59D71AC}"
EndProject
Project("{2150E333-8FDC-42A3-9474-1A3956D46DE8}") = ".github", ".github", "{DD2B25EF-BA05-4AF4-B6C5-EE1C26C8E900}"
EndProject
Project("{2150E333-8FDC-42A3-9474-1A3956D46DE8}") = "QContracts", "QContracts", "{6776BC61-9590-4E29-989E-19161C4F98F7}"
EndProject
Project("{FAE04EC0-301F-11D3-BF4B-00C04F79EFBC}") = "QContracts", "QContracts\QContracts.csproj", "{5783EC36-5C9E-4A3F-A8D3-48BABDBF164E}"
EndProject
Project("{2150E333-8FDC-42A3-9474-1A3956D46DE8}") = "QService", "QService", "{29716AA5-A346-4287-B035-CBDB60468721}"
EndProject
Project("{FAE04EC0-301F-11D3-BF4B-00C04F79EFBC}") = "QAPI", "QService\QAPI\QAPI.csproj", "{F4F40DA4-BF54-4823-BD29-C1D7C2C75A3F}"
EndProject
Project("{FAE04EC0-301F-11D3-BF4B-00C04F79EFBC}") = "QApplication", "QService\QApplication\QApplication.csproj", "{8CDB47FF-91EF-4A78-A22C-FC60070C61D5}"
EndProject
Project("{FAE04EC0-301F-11D3-BF4B-00C04F79EFBC}") = "QDomain", "QService\QDomain\QDomain.csproj", "{E5AD550D-9D05-49FC-A6C9-369F6C5EB29C}"
EndProject
Project("{FAE04EC0-301F-11D3-BF4B-00C04F79EFBC}") = "QInfrastructure", "QService\QInfrastructure\QInfrastructure.csproj", "{CE72A7B0-6394-4D85-8394-E6F253718C78}"
EndProject
Project("{FAE04EC0-301F-11D3-BF4B-00C04F79EFBC}") = "QAPI.IntegrationTests", "QService\QAPI.IntegrationTests\QAPI.IntegrationTests.csproj", "{3EDCC9F0-9A4E-4F9F-8169-76850219E518}"
EndProject
Project("{2150E333-8FDC-42A3-9474-1A3956D46DE8}") = "QNotificationService", "QNotificationService", "{46F936B5-BCB9-45DC-A566-B98792E3F4CC}"
EndProject
Project("{2150E333-8FDC-42A3-9474-1A3956D46DE8}") = "QNotificationService.Infrastructure", "QNotificationService.Infrastructure", "{E4D6D3CE-FD8E-4397-80F0-96B08C7EBA22}"
EndProject
Project("{2150E333-8FDC-42A3-9474-1A3956D46DE8}") = "QNotificationService.Domain", "QNotificationService.Domain", "{C1A58CA1-94AA-48A7-AF13-B4987BCB7B4F}"
EndProject
Project("{2150E333-8FDC-42A3-9474-1A3956D46DE8}") = "QNotificationService.API", "QNotificationService.API", "{6FAE24F6-8312-47DE-9BC8-C0A5A1C5698A}"
EndProject
Project("{2150E333-8FDC-42A3-9474-1A3956D46DE8}") = "QNotificationService.Application", "QNotificationService.Application", "{1245147F-D6F2-4D9E-954E-D12D33D497E4}"
EndProject
Project("{FAE04EC0-301F-11D3-BF4B-00C04F79EFBC}") = "QNotificationService.Application", "QNotificationService\QNotificationService.Application\QNotificationService.Application\QNotificationService.Application.csproj", "{9E5F7BAF-9F8B-46BE-8B13-6BBCD4F279CF}"
EndProject
Project("{FAE04EC0-301F-11D3-BF4B-00C04F79EFBC}") = "QNotificationService.Domain", "QNotificationService\QNotificationService.Domain\QNotificationService.Domain\QNotificationService.Domain.csproj", "{F74EE843-1692-403E-9706-E900594F3D6C}"
EndProject
Project("{FAE04EC0-301F-11D3-BF4B-00C04F79EFBC}") = "QNotificationService.Infrastructure", "QNotificationService\QNotificationService.Infrastructure\QNotificationService.Infrastructure\QNotificationService.Infrastructure.csproj", "{BB51C76F-B247-47DC-BC0A-6D80E8BA2EE7}"
EndProject
Project("{FAE04EC0-301F-11D3-BF4B-00C04F79EFBC}") = "QNotificationService.API", "QNotificationService\QNotificationService.API\QNotificationService.API\QNotificationService.API.csproj", "{09DF623E-33D8-4C33-9862-BAE971985768}"
EndProject
Project("{2150E333-8FDC-42A3-9474-1A3956D46DE8}") = "QNotificationService.Contracts", "QNotificationService.Contracts", "{4C1BAB87-3856-428D-B0CA-4147F5AFA5C7}"
EndProject
Project("{FAE04EC0-301F-11D3-BF4B-00C04F79EFBC}") = "QNotificationService.Contracts", "QNotificationService\QNotificationService.Contracts\QNotificationService.Contracts.csproj", "{8814ED6D-ADD1-4462-B332-C94B4A8995FF}"
EndProject
Project("{2150E333-8FDC-42A3-9474-1A3956D46DE8}") = "QBranchService", "QBranchService", "{ADE39C35-95E6-4524-95E7-A263B1CCCB7A}"
EndProject
Project("{2150E333-8FDC-42A3-9474-1A3956D46DE8}") = "QBranchService.API", "QBranchService.API", "{F77A9A43-CE50-42AE-8EF6-7F6BA0F5AEFF}"
EndProject
Project("{2150E333-8FDC-42A3-9474-1A3956D46DE8}") = "QBranchService.Application", "QBranchService.Application", "{C66E3F4E-11BB-4B31-BA9A-60E3D5C8C925}"
EndProject
Project("{2150E333-8FDC-42A3-9474-1A3956D46DE8}") = "QBranchService.Domain", "QBranchService.Domain", "{0F14482A-302B-473A-BBE5-87C111A4F1A4}"
EndProject
Project("{2150E333-8FDC-42A3-9474-1A3956D46DE8}") = "QBranchService.Infrastructure", "QBranchService.Infrastructure", "{70AC297D-DF8A-4A62-BA92-35DCB7DCB2E3}"
EndProject
Project("{FAE04EC0-301F-11D3-BF4B-00C04F79EFBC}") = "QBranchService.Domain", "QBranchService\QBranchService.Domain\QBranchService.Domain\QBranchService.Domain.csproj", "{01B889F3-C8A1-424B-B713-FFC639A526BE}"
EndProject
Project("{FAE04EC0-301F-11D3-BF4B-00C04F79EFBC}") = "QBranchService.Infrastructure", "QBranchService\QBranchService.Infrastructure\QBranchService.Infrastructure\QBranchService.Infrastructure.csproj", "{7A38B370-D1A0-4DAF-9DD3-2948FF47F875}"
EndProject
Project("{FAE04EC0-301F-11D3-BF4B-00C04F79EFBC}") = "QBranchService.Application", "QBranchService\QBranchService.Application\QBranchService.Application\QBranchService.Application.csproj", "{FA62EACD-BE08-4C1B-80FA-F3452D4B0488}"
EndProject
Project("{FAE04EC0-301F-11D3-BF4B-00C04F79EFBC}") = "QBranchService.API", "QBranchService\QBranchService.API\QBranchService.API\QBranchService.API.csproj", "{4D51C494-9129-442F-B747-C7862F6ADFDD}"
EndProject
Project("{2150E333-8FDC-42A3-9474-1A3956D46DE8}") = "QBranchService.Contracts", "QBranchService.Contracts", "{98633760-8CBD-4E54-9F45-1CA38F982EA7}"
EndProject
Project("{FAE04EC0-301F-11D3-BF4B-00C04F79EFBC}") = "QBranchService.Contracts", "QBranchService\QBranchService.Contracts\QBranchService.Contracts\QBranchService.Contracts.csproj", "{12FA537F-32E1-4FD6-919F-33D078A9244E}"
EndProject
Project("{2150E333-8FDC-42A3-9474-1A3956D46DE8}") = "QBranchService.IntegrationTest", "QBranchService.IntegrationTest", "{F5A4373E-347F-411D-84A0-92F5AE083044}"
EndProject
Project("{FAE04EC0-301F-11D3-BF4B-00C04F79EFBC}") = "QBranchService.API.IntegrationTest", "QBranchService\QBranchService.API.IntegrationTest\QBranchService.API.IntegrationTest.csproj", "{C1513417-17BA-4BC5-AD11-C4E49B35B400}"
EndProject
Project("{2150E333-8FDC-42A3-9474-1A3956D46DE8}") = "QApiGateway", "QApiGateway", "{8DC84C08-F97C-41BB-811F-046C7B8FA86B}"
EndProject
Project("{FAE04EC0-301F-11D3-BF4B-00C04F79EFBC}") = "QApiGateway", "QApiGateway\QApiGateway\QApiGateway.csproj", "{AFEE27BA-23E5-499A-B01F-546A9844926C}"
EndProject
Project("{FAE04EC0-301F-11D3-BF4B-00C04F79EFBC}") = "QAggregationService", "QAggregationService\QAggregationService.csproj", "{A61035B8-6D88-4C9E-BEE3-45BA1136412C}"
EndProject
Project("{2150E333-8FDC-42A3-9474-1A3956D46DE8}") = "QAggregationService", "QAggregationService", "{8AE2A023-5618-4F65-9B5C-D6A29009D6F9}"
EndProject
Global
	GlobalSection(SolutionConfigurationPlatforms) = preSolution
		Debug|Any CPU = Debug|Any CPU
		Release|Any CPU = Release|Any CPU
	EndGlobalSection
	GlobalSection(ProjectConfigurationPlatforms) = postSolution
		{5783EC36-5C9E-4A3F-A8D3-48BABDBF164E}.Debug|Any CPU.ActiveCfg = Debug|Any CPU
		{5783EC36-5C9E-4A3F-A8D3-48BABDBF164E}.Debug|Any CPU.Build.0 = Debug|Any CPU
		{5783EC36-5C9E-4A3F-A8D3-48BABDBF164E}.Release|Any CPU.ActiveCfg = Release|Any CPU
		{5783EC36-5C9E-4A3F-A8D3-48BABDBF164E}.Release|Any CPU.Build.0 = Release|Any CPU
		{F4F40DA4-BF54-4823-BD29-C1D7C2C75A3F}.Debug|Any CPU.ActiveCfg = Debug|Any CPU
		{F4F40DA4-BF54-4823-BD29-C1D7C2C75A3F}.Debug|Any CPU.Build.0 = Debug|Any CPU
		{F4F40DA4-BF54-4823-BD29-C1D7C2C75A3F}.Release|Any CPU.ActiveCfg = Release|Any CPU
		{F4F40DA4-BF54-4823-BD29-C1D7C2C75A3F}.Release|Any CPU.Build.0 = Release|Any CPU
		{8CDB47FF-91EF-4A78-A22C-FC60070C61D5}.Debug|Any CPU.ActiveCfg = Debug|Any CPU
		{8CDB47FF-91EF-4A78-A22C-FC60070C61D5}.Debug|Any CPU.Build.0 = Debug|Any CPU
		{8CDB47FF-91EF-4A78-A22C-FC60070C61D5}.Release|Any CPU.ActiveCfg = Release|Any CPU
		{8CDB47FF-91EF-4A78-A22C-FC60070C61D5}.Release|Any CPU.Build.0 = Release|Any CPU
		{E5AD550D-9D05-49FC-A6C9-369F6C5EB29C}.Debug|Any CPU.ActiveCfg = Debug|Any CPU
		{E5AD550D-9D05-49FC-A6C9-369F6C5EB29C}.Debug|Any CPU.Build.0 = Debug|Any CPU
		{E5AD550D-9D05-49FC-A6C9-369F6C5EB29C}.Release|Any CPU.ActiveCfg = Release|Any CPU
		{E5AD550D-9D05-49FC-A6C9-369F6C5EB29C}.Release|Any CPU.Build.0 = Release|Any CPU
		{CE72A7B0-6394-4D85-8394-E6F253718C78}.Debug|Any CPU.ActiveCfg = Debug|Any CPU
		{CE72A7B0-6394-4D85-8394-E6F253718C78}.Debug|Any CPU.Build.0 = Debug|Any CPU
		{CE72A7B0-6394-4D85-8394-E6F253718C78}.Release|Any CPU.ActiveCfg = Release|Any CPU
		{CE72A7B0-6394-4D85-8394-E6F253718C78}.Release|Any CPU.Build.0 = Release|Any CPU
		{3EDCC9F0-9A4E-4F9F-8169-76850219E518}.Debug|Any CPU.ActiveCfg = Debug|Any CPU
		{3EDCC9F0-9A4E-4F9F-8169-76850219E518}.Debug|Any CPU.Build.0 = Debug|Any CPU
		{3EDCC9F0-9A4E-4F9F-8169-76850219E518}.Release|Any CPU.ActiveCfg = Release|Any CPU
		{3EDCC9F0-9A4E-4F9F-8169-76850219E518}.Release|Any CPU.Build.0 = Release|Any CPU
		{9E5F7BAF-9F8B-46BE-8B13-6BBCD4F279CF}.Debug|Any CPU.ActiveCfg = Debug|Any CPU
		{9E5F7BAF-9F8B-46BE-8B13-6BBCD4F279CF}.Debug|Any CPU.Build.0 = Debug|Any CPU
		{9E5F7BAF-9F8B-46BE-8B13-6BBCD4F279CF}.Release|Any CPU.ActiveCfg = Release|Any CPU
		{9E5F7BAF-9F8B-46BE-8B13-6BBCD4F279CF}.Release|Any CPU.Build.0 = Release|Any CPU
		{F74EE843-1692-403E-9706-E900594F3D6C}.Debug|Any CPU.ActiveCfg = Debug|Any CPU
		{F74EE843-1692-403E-9706-E900594F3D6C}.Debug|Any CPU.Build.0 = Debug|Any CPU
		{F74EE843-1692-403E-9706-E900594F3D6C}.Release|Any CPU.ActiveCfg = Release|Any CPU
		{F74EE843-1692-403E-9706-E900594F3D6C}.Release|Any CPU.Build.0 = Release|Any CPU
		{BB51C76F-B247-47DC-BC0A-6D80E8BA2EE7}.Debug|Any CPU.ActiveCfg = Debug|Any CPU
		{BB51C76F-B247-47DC-BC0A-6D80E8BA2EE7}.Debug|Any CPU.Build.0 = Debug|Any CPU
		{BB51C76F-B247-47DC-BC0A-6D80E8BA2EE7}.Release|Any CPU.ActiveCfg = Release|Any CPU
		{BB51C76F-B247-47DC-BC0A-6D80E8BA2EE7}.Release|Any CPU.Build.0 = Release|Any CPU
		{09DF623E-33D8-4C33-9862-BAE971985768}.Debug|Any CPU.ActiveCfg = Debug|Any CPU
		{09DF623E-33D8-4C33-9862-BAE971985768}.Debug|Any CPU.Build.0 = Debug|Any CPU
		{09DF623E-33D8-4C33-9862-BAE971985768}.Release|Any CPU.ActiveCfg = Release|Any CPU
		{09DF623E-33D8-4C33-9862-BAE971985768}.Release|Any CPU.Build.0 = Release|Any CPU
		{8814ED6D-ADD1-4462-B332-C94B4A8995FF}.Debug|Any CPU.ActiveCfg = Debug|Any CPU
		{8814ED6D-ADD1-4462-B332-C94B4A8995FF}.Debug|Any CPU.Build.0 = Debug|Any CPU
		{8814ED6D-ADD1-4462-B332-C94B4A8995FF}.Release|Any CPU.ActiveCfg = Release|Any CPU
		{8814ED6D-ADD1-4462-B332-C94B4A8995FF}.Release|Any CPU.Build.0 = Release|Any CPU
		{01B889F3-C8A1-424B-B713-FFC639A526BE}.Debug|Any CPU.ActiveCfg = Debug|Any CPU
		{01B889F3-C8A1-424B-B713-FFC639A526BE}.Debug|Any CPU.Build.0 = Debug|Any CPU
		{01B889F3-C8A1-424B-B713-FFC639A526BE}.Release|Any CPU.ActiveCfg = Release|Any CPU
		{01B889F3-C8A1-424B-B713-FFC639A526BE}.Release|Any CPU.Build.0 = Release|Any CPU
		{7A38B370-D1A0-4DAF-9DD3-2948FF47F875}.Debug|Any CPU.ActiveCfg = Debug|Any CPU
		{7A38B370-D1A0-4DAF-9DD3-2948FF47F875}.Debug|Any CPU.Build.0 = Debug|Any CPU
		{7A38B370-D1A0-4DAF-9DD3-2948FF47F875}.Release|Any CPU.ActiveCfg = Release|Any CPU
		{7A38B370-D1A0-4DAF-9DD3-2948FF47F875}.Release|Any CPU.Build.0 = Release|Any CPU
		{FA62EACD-BE08-4C1B-80FA-F3452D4B0488}.Debug|Any CPU.ActiveCfg = Debug|Any CPU
		{FA62EACD-BE08-4C1B-80FA-F3452D4B0488}.Debug|Any CPU.Build.0 = Debug|Any CPU
		{FA62EACD-BE08-4C1B-80FA-F3452D4B0488}.Release|Any CPU.ActiveCfg = Release|Any CPU
		{FA62EACD-BE08-4C1B-80FA-F3452D4B0488}.Release|Any CPU.Build.0 = Release|Any CPU
		{4D51C494-9129-442F-B747-C7862F6ADFDD}.Debug|Any CPU.ActiveCfg = Debug|Any CPU
		{4D51C494-9129-442F-B747-C7862F6ADFDD}.Debug|Any CPU.Build.0 = Debug|Any CPU
		{4D51C494-9129-442F-B747-C7862F6ADFDD}.Release|Any CPU.ActiveCfg = Release|Any CPU
		{4D51C494-9129-442F-B747-C7862F6ADFDD}.Release|Any CPU.Build.0 = Release|Any CPU
		{12FA537F-32E1-4FD6-919F-33D078A9244E}.Debug|Any CPU.ActiveCfg = Debug|Any CPU
		{12FA537F-32E1-4FD6-919F-33D078A9244E}.Debug|Any CPU.Build.0 = Debug|Any CPU
		{12FA537F-32E1-4FD6-919F-33D078A9244E}.Release|Any CPU.ActiveCfg = Release|Any CPU
		{12FA537F-32E1-4FD6-919F-33D078A9244E}.Release|Any CPU.Build.0 = Release|Any CPU
		{C1513417-17BA-4BC5-AD11-C4E49B35B400}.Debug|Any CPU.ActiveCfg = Debug|Any CPU
		{C1513417-17BA-4BC5-AD11-C4E49B35B400}.Debug|Any CPU.Build.0 = Debug|Any CPU
		{C1513417-17BA-4BC5-AD11-C4E49B35B400}.Release|Any CPU.ActiveCfg = Release|Any CPU
		{C1513417-17BA-4BC5-AD11-C4E49B35B400}.Release|Any CPU.Build.0 = Release|Any CPU
		{AFEE27BA-23E5-499A-B01F-546A9844926C}.Debug|Any CPU.ActiveCfg = Debug|Any CPU
		{AFEE27BA-23E5-499A-B01F-546A9844926C}.Debug|Any CPU.Build.0 = Debug|Any CPU
		{AFEE27BA-23E5-499A-B01F-546A9844926C}.Release|Any CPU.ActiveCfg = Release|Any CPU
		{AFEE27BA-23E5-499A-B01F-546A9844926C}.Release|Any CPU.Build.0 = Release|Any CPU
		{A61035B8-6D88-4C9E-BEE3-45BA1136412C}.Debug|Any CPU.ActiveCfg = Debug|Any CPU
		{A61035B8-6D88-4C9E-BEE3-45BA1136412C}.Debug|Any CPU.Build.0 = Debug|Any CPU
		{A61035B8-6D88-4C9E-BEE3-45BA1136412C}.Release|Any CPU.ActiveCfg = Release|Any CPU
		{A61035B8-6D88-4C9E-BEE3-45BA1136412C}.Release|Any CPU.Build.0 = Release|Any CPU
	EndGlobalSection
	GlobalSection(NestedProjects) = preSolution
		{5783EC36-5C9E-4A3F-A8D3-48BABDBF164E} = {6776BC61-9590-4E29-989E-19161C4F98F7}
		{A73D167D-CB44-4E15-98E0-7DEB5AA15732} = {29716AA5-A346-4287-B035-CBDB60468721}
		{69299B58-0774-4647-9190-A9DE7990A034} = {29716AA5-A346-4287-B035-CBDB60468721}
		{57117CCC-1B9F-4867-9FB5-22174160A59C} = {29716AA5-A346-4287-B035-CBDB60468721}
		{B2464212-5D77-4A1D-B93F-CCB92F080390} = {29716AA5-A346-4287-B035-CBDB60468721}
		{7A49ABAA-E9BE-4F2A-8E7E-5C43C59D71AC} = {29716AA5-A346-4287-B035-CBDB60468721}
		{F4F40DA4-BF54-4823-BD29-C1D7C2C75A3F} = {A73D167D-CB44-4E15-98E0-7DEB5AA15732}
		{8CDB47FF-91EF-4A78-A22C-FC60070C61D5} = {69299B58-0774-4647-9190-A9DE7990A034}
		{E5AD550D-9D05-49FC-A6C9-369F6C5EB29C} = {57117CCC-1B9F-4867-9FB5-22174160A59C}
		{CE72A7B0-6394-4D85-8394-E6F253718C78} = {B2464212-5D77-4A1D-B93F-CCB92F080390}
		{3EDCC9F0-9A4E-4F9F-8169-76850219E518} = {7A49ABAA-E9BE-4F2A-8E7E-5C43C59D71AC}
		{E4D6D3CE-FD8E-4397-80F0-96B08C7EBA22} = {46F936B5-BCB9-45DC-A566-B98792E3F4CC}
		{C1A58CA1-94AA-48A7-AF13-B4987BCB7B4F} = {46F936B5-BCB9-45DC-A566-B98792E3F4CC}
		{6FAE24F6-8312-47DE-9BC8-C0A5A1C5698A} = {46F936B5-BCB9-45DC-A566-B98792E3F4CC}
		{1245147F-D6F2-4D9E-954E-D12D33D497E4} = {46F936B5-BCB9-45DC-A566-B98792E3F4CC}
		{9E5F7BAF-9F8B-46BE-8B13-6BBCD4F279CF} = {1245147F-D6F2-4D9E-954E-D12D33D497E4}
		{F74EE843-1692-403E-9706-E900594F3D6C} = {C1A58CA1-94AA-48A7-AF13-B4987BCB7B4F}
		{BB51C76F-B247-47DC-BC0A-6D80E8BA2EE7} = {E4D6D3CE-FD8E-4397-80F0-96B08C7EBA22}
		{09DF623E-33D8-4C33-9862-BAE971985768} = {6FAE24F6-8312-47DE-9BC8-C0A5A1C5698A}
		{4C1BAB87-3856-428D-B0CA-4147F5AFA5C7} = {46F936B5-BCB9-45DC-A566-B98792E3F4CC}
		{8814ED6D-ADD1-4462-B332-C94B4A8995FF} = {4C1BAB87-3856-428D-B0CA-4147F5AFA5C7}
		{F77A9A43-CE50-42AE-8EF6-7F6BA0F5AEFF} = {ADE39C35-95E6-4524-95E7-A263B1CCCB7A}
		{C66E3F4E-11BB-4B31-BA9A-60E3D5C8C925} = {ADE39C35-95E6-4524-95E7-A263B1CCCB7A}
		{0F14482A-302B-473A-BBE5-87C111A4F1A4} = {ADE39C35-95E6-4524-95E7-A263B1CCCB7A}
		{70AC297D-DF8A-4A62-BA92-35DCB7DCB2E3} = {ADE39C35-95E6-4524-95E7-A263B1CCCB7A}
		{01B889F3-C8A1-424B-B713-FFC639A526BE} = {0F14482A-302B-473A-BBE5-87C111A4F1A4}
		{7A38B370-D1A0-4DAF-9DD3-2948FF47F875} = {70AC297D-DF8A-4A62-BA92-35DCB7DCB2E3}
		{FA62EACD-BE08-4C1B-80FA-F3452D4B0488} = {C66E3F4E-11BB-4B31-BA9A-60E3D5C8C925}
		{4D51C494-9129-442F-B747-C7862F6ADFDD} = {F77A9A43-CE50-42AE-8EF6-7F6BA0F5AEFF}
		{98633760-8CBD-4E54-9F45-1CA38F982EA7} = {ADE39C35-95E6-4524-95E7-A263B1CCCB7A}
		{12FA537F-32E1-4FD6-919F-33D078A9244E} = {98633760-8CBD-4E54-9F45-1CA38F982EA7}
		{F5A4373E-347F-411D-84A0-92F5AE083044} = {ADE39C35-95E6-4524-95E7-A263B1CCCB7A}
		{C1513417-17BA-4BC5-AD11-C4E49B35B400} = {F5A4373E-347F-411D-84A0-92F5AE083044}
		{AFEE27BA-23E5-499A-B01F-546A9844926C} = {8DC84C08-F97C-41BB-811F-046C7B8FA86B}
		{A61035B8-6D88-4C9E-BEE3-45BA1136412C} = {8AE2A023-5618-4F65-9B5C-D6A29009D6F9}
	EndGlobalSection
EndGlobal
